// !$*UTF8*$!
{
	archiveVersion = 1;
	classes = {
	};
	objectVersion = 46;
	objects = {

/* Begin PBXBuildFile section */
		611A4000427CD8E34287E302 /* DijkstraTest.m in Sources */ = {isa = PBXBuildFile; fileRef = 611A48B830E4C061A78ECBFC /* DijkstraTest.m */; };
		611A40ABA922FE411B747113 /* SieveOfEratosthenesTest.swift in Sources */ = {isa = PBXBuildFile; fileRef = 611A44794739441EF637FB9F /* SieveOfEratosthenesTest.swift */; };
		611A4156E180ABD6F126F2B7 /* BinarySearchTreeObjC.m in Sources */ = {isa = PBXBuildFile; fileRef = 611A4A32552899F45221E3FA /* BinarySearchTreeObjC.m */; };
		611A41D909FCE0458FF1E9DA /* RGBHistogram.swift in Sources */ = {isa = PBXBuildFile; fileRef = 611A4CAE3F83A19DFFFD25A7 /* RGBHistogram.swift */; };
		611A41F88EA30CA59CA16FF2 /* GraphElement.m in Sources */ = {isa = PBXBuildFile; fileRef = 611A475E0C5AE75E683EDBF0 /* GraphElement.m */; };
		611A42003B62338DB9D93272 /* StaticDispatchTest.swift in Sources */ = {isa = PBXBuildFile; fileRef = 611A42484AD0F43B41227613 /* StaticDispatchTest.swift */; };
		611A42233518B08E8B2CDAC2 /* DynamicDispatchTest.swift in Sources */ = {isa = PBXBuildFile; fileRef = 611A45F91BAAB98BB3B89084 /* DynamicDispatchTest.swift */; };
		611A42352F74ED9F054870AC /* PriorityQueue.swift in Sources */ = {isa = PBXBuildFile; fileRef = 611A405D4787B2CBC1889919 /* PriorityQueue.swift */; };
		611A42DD61DF5129DAA67C25 /* PriorityQueueObjC.m in Sources */ = {isa = PBXBuildFile; fileRef = 611A446CAE52087097F4E561 /* PriorityQueueObjC.m */; };
		611A42EA8B83939776398A5B /* DijkstraOptimizedTest.swift in Sources */ = {isa = PBXBuildFile; fileRef = 611A48898B089D2E2ABE72E9 /* DijkstraOptimizedTest.swift */; };
		611A434B1CA479CD348BA86A /* MultiplyByTwoStruct.swift in Sources */ = {isa = PBXBuildFile; fileRef = 611A40C6D4B0CED4A579B992 /* MultiplyByTwoStruct.swift */; };
		611A436EB5FE6AAF60457EF6 /* BinarySearchTreeTest.m in Sources */ = {isa = PBXBuildFile; fileRef = 611A46D236631600557A3EDF /* BinarySearchTreeTest.m */; };
		611A43C1F8044E2A9FC38838 /* TestInstanceRunner.swift in Sources */ = {isa = PBXBuildFile; fileRef = 611A4EEF2DEF4DF40EF73812 /* TestInstanceRunner.swift */; };
		611A445052684CEE0FD202CD /* RGBHistogramTest.m in Sources */ = {isa = PBXBuildFile; fileRef = 611A424942CE032C5E07D852 /* RGBHistogramTest.m */; };
		611A44CC870D33DAC855ABBC /* PlaygroundTest.swift in Sources */ = {isa = PBXBuildFile; fileRef = 611A47CF5767045A392B35F8 /* PlaygroundTest.swift */; };
		611A450406FD277DBDA92654 /* PlaygroundTest.m in Sources */ = {isa = PBXBuildFile; fileRef = 611A495626D3736348009204 /* PlaygroundTest.m */; };
		611A454657AD4B572D2C7838 /* BinarySearchTreeEnumsTest.swift in Sources */ = {isa = PBXBuildFile; fileRef = 611A41E4F6B4B46C67B10235 /* BinarySearchTreeEnumsTest.swift */; };
		611A45BAB8E70001CCBC96B8 /* BubbleSortTest.m in Sources */ = {isa = PBXBuildFile; fileRef = 611A4D5295C6AD880C03F673 /* BubbleSortTest.m */; };
		611A462BC358C4EBDBA5CE26 /* BinarySearchTreeClassicTest.swift in Sources */ = {isa = PBXBuildFile; fileRef = 611A4AAEF107C3A510BE618D /* BinarySearchTreeClassicTest.swift */; };
		611A4664D8D84C8B8646C9A3 /* BubbleSortTest.swift in Sources */ = {isa = PBXBuildFile; fileRef = 611A493EDC9D90F9CF72D9C4 /* BubbleSortTest.swift */; };
		611A46A7999E720B2A1250F3 /* Node.m in Sources */ = {isa = PBXBuildFile; fileRef = 611A4903337AF2584627DD6F /* Node.m */; };
		611A472AF9E33689EA2E0C2D /* TestRunner.swift in Sources */ = {isa = PBXBuildFile; fileRef = 611A4B770FC771CA895206E5 /* TestRunner.swift */; };
		611A47A104CCBEF250D8BEA4 /* ResultExporter.swift in Sources */ = {isa = PBXBuildFile; fileRef = 611A4099E61B853D6403AFE9 /* ResultExporter.swift */; };
		611A484064F327E8FBF34CEF /* GnuplotExporter.swift in Sources */ = {isa = PBXBuildFile; fileRef = 611A4F95191ADFAE3FAE9C92 /* GnuplotExporter.swift */; };
		611A48E2B6C03143D26F9211 /* MessageDispatchTest.m in Sources */ = {isa = PBXBuildFile; fileRef = 611A4B02BF0FDA1EE2B49E7E /* MessageDispatchTest.m */; };
		611A48EACCDA508349CD8F94 /* TestFactory.swift in Sources */ = {isa = PBXBuildFile; fileRef = 611A433AF5F06E74BD43FA99 /* TestFactory.swift */; };
		611A498847783C3CF4127C60 /* NSArray+generate.m in Sources */ = {isa = PBXBuildFile; fileRef = 611A4FC2A0E3AD362CA00D0D /* NSArray+generate.m */; };
		611A4A18C3753A17C4C93F32 /* TerminalExporter.swift in Sources */ = {isa = PBXBuildFile; fileRef = 611A4DFA80FA0974F0E5FA1D /* TerminalExporter.swift */; };
		611A4A87BCD27220C06A3C4A /* MultiplyByTwo.m in Sources */ = {isa = PBXBuildFile; fileRef = 611A43F7FB1151CBBC7A9B65 /* MultiplyByTwo.m */; };
		611A4B3A7CF697B8144775EB /* FibonacciTest.swift in Sources */ = {isa = PBXBuildFile; fileRef = 611A43606C4E5DC13D721350 /* FibonacciTest.swift */; };
		611A4BE3AE36B57CC270FF74 /* AckermannTest.swift in Sources */ = {isa = PBXBuildFile; fileRef = 611A4F7BB5376F53D38DBCF7 /* AckermannTest.swift */; };
		611A4C2266EFFE2B67613B0A /* BinarySearchTreeOptimizedClassicTest.swift in Sources */ = {isa = PBXBuildFile; fileRef = 611A456E4912FACA22DEDEFA /* BinarySearchTreeOptimizedClassicTest.swift */; };
		611A4CF4C2ED06161FBB11C9 /* DijkstraTestOptimized.m in Sources */ = {isa = PBXBuildFile; fileRef = 611A414E8D18542242A508A7 /* DijkstraTestOptimized.m */; };
		611A4E2410E4D72A4BC557E4 /* DijkstraTest.swift in Sources */ = {isa = PBXBuildFile; fileRef = 611A4BD9ED80B89DC2EF44E3 /* DijkstraTest.swift */; };
		611A4EAF4D6848DF2D37136C /* BubbleSortOptimizedTest.m in Sources */ = {isa = PBXBuildFile; fileRef = 611A419DF9A21305AD8BC283 /* BubbleSortOptimizedTest.m */; };
		611A4F65480E2BA05885F1A9 /* TestSuiteRunner.swift in Sources */ = {isa = PBXBuildFile; fileRef = 611A4CD70B2758E90AD2FF23 /* TestSuiteRunner.swift */; };
		611A4F7898A204AB70503986 /* SieveOfEratosthenesTest.m in Sources */ = {isa = PBXBuildFile; fileRef = 611A455832DEC4D28F32EEC0 /* SieveOfEratosthenesTest.m */; };
		611A4FB1C0E4602B2DA0B3EE /* Array+generate.swift in Sources */ = {isa = PBXBuildFile; fileRef = 611A40E0EA8068DE8A672902 /* Array+generate.swift */; };
		611A4FE9EDF7F54DD7DC02C0 /* FibonacciTest.m in Sources */ = {isa = PBXBuildFile; fileRef = 611A46F6D7C6103B3B071B25 /* FibonacciTest.m */; };
		F96F3D6F1F4AA685005D1E97 /* ArrayInsertionTest.swift in Sources */ = {isa = PBXBuildFile; fileRef = F96F3D6E1F4AA685005D1E97 /* ArrayInsertionTest.swift */; };
		F96F3D731F4AA793005D1E97 /* ArrayInsertionTest.m in Sources */ = {isa = PBXBuildFile; fileRef = F96F3D721F4AA793005D1E97 /* ArrayInsertionTest.m */; };
		F9801CFF1F46C37E001D97AC /* main.swift in Sources */ = {isa = PBXBuildFile; fileRef = F9801CFE1F46C37E001D97AC /* main.swift */; };
		F9C331141F67B70B0007F16B /* ArgumentsParser.swift in Sources */ = {isa = PBXBuildFile; fileRef = F9C331131F67B70B0007F16B /* ArgumentsParser.swift */; };
/* End PBXBuildFile section */

/* Begin PBXCopyFilesBuildPhase section */
		F9801CF91F46C37E001D97AC /* CopyFiles */ = {
			isa = PBXCopyFilesBuildPhase;
			buildActionMask = 2147483647;
			dstPath = /usr/share/man/man1/;
			dstSubfolderSpec = 0;
			files = (
			);
			runOnlyForDeploymentPostprocessing = 1;
		};
/* End PBXCopyFilesBuildPhase section */

/* Begin PBXFileReference section */
		611A405D4787B2CBC1889919 /* PriorityQueue.swift */ = {isa = PBXFileReference; fileEncoding = 4; lastKnownFileType = sourcecode.swift; path = PriorityQueue.swift; sourceTree = "<group>"; };
		611A40905271BEAD85476EAC /* RGBHistogramTest.h */ = {isa = PBXFileReference; fileEncoding = 4; lastKnownFileType = sourcecode.c.h; path = RGBHistogramTest.h; sourceTree = "<group>"; };
		611A4099E61B853D6403AFE9 /* ResultExporter.swift */ = {isa = PBXFileReference; fileEncoding = 4; lastKnownFileType = sourcecode.swift; path = ResultExporter.swift; sourceTree = "<group>"; };
		611A40B8DA2D9A25E435A450 /* BubbleSortTest.h */ = {isa = PBXFileReference; fileEncoding = 4; lastKnownFileType = sourcecode.c.h; path = BubbleSortTest.h; sourceTree = "<group>"; };
		611A40BD17C026CDCC491F19 /* BinarySearchTreeTest.h */ = {isa = PBXFileReference; fileEncoding = 4; lastKnownFileType = sourcecode.c.h; path = BinarySearchTreeTest.h; sourceTree = "<group>"; };
		611A40C6D4B0CED4A579B992 /* MultiplyByTwoStruct.swift */ = {isa = PBXFileReference; fileEncoding = 4; lastKnownFileType = sourcecode.swift; path = MultiplyByTwoStruct.swift; sourceTree = "<group>"; };
		611A40E0EA8068DE8A672902 /* Array+generate.swift */ = {isa = PBXFileReference; fileEncoding = 4; lastKnownFileType = sourcecode.swift; path = "Array+generate.swift"; sourceTree = "<group>"; };
		611A414E8D18542242A508A7 /* DijkstraTestOptimized.m */ = {isa = PBXFileReference; fileEncoding = 4; lastKnownFileType = sourcecode.c.objc; path = DijkstraTestOptimized.m; sourceTree = "<group>"; };
		611A419DF9A21305AD8BC283 /* BubbleSortOptimizedTest.m */ = {isa = PBXFileReference; fileEncoding = 4; lastKnownFileType = sourcecode.c.objc; path = BubbleSortOptimizedTest.m; sourceTree = "<group>"; };
		611A41E4F6B4B46C67B10235 /* BinarySearchTreeEnumsTest.swift */ = {isa = PBXFileReference; fileEncoding = 4; lastKnownFileType = sourcecode.swift; path = BinarySearchTreeEnumsTest.swift; sourceTree = "<group>"; };
		611A4227CC1B4806DAF35A82 /* MultiplyByTwoProtocol.h */ = {isa = PBXFileReference; fileEncoding = 4; lastKnownFileType = sourcecode.c.h; path = MultiplyByTwoProtocol.h; sourceTree = "<group>"; };
		611A422F8732D6844A3DEC62 /* MessageDispatchTest.h */ = {isa = PBXFileReference; fileEncoding = 4; lastKnownFileType = sourcecode.c.h; path = MessageDispatchTest.h; sourceTree = "<group>"; };
		611A42484AD0F43B41227613 /* StaticDispatchTest.swift */ = {isa = PBXFileReference; fileEncoding = 4; lastKnownFileType = sourcecode.swift; path = StaticDispatchTest.swift; sourceTree = "<group>"; };
		611A424942CE032C5E07D852 /* RGBHistogramTest.m */ = {isa = PBXFileReference; fileEncoding = 4; lastKnownFileType = sourcecode.c.objc; path = RGBHistogramTest.m; sourceTree = "<group>"; };
		611A433AF5F06E74BD43FA99 /* TestFactory.swift */ = {isa = PBXFileReference; fileEncoding = 4; lastKnownFileType = sourcecode.swift; path = TestFactory.swift; sourceTree = "<group>"; };
		611A435BCFEB7B10DC7CAEF7 /* SieveOfEratosthenesTest.h */ = {isa = PBXFileReference; fileEncoding = 4; lastKnownFileType = sourcecode.c.h; path = SieveOfEratosthenesTest.h; sourceTree = "<group>"; };
		611A43606C4E5DC13D721350 /* FibonacciTest.swift */ = {isa = PBXFileReference; fileEncoding = 4; lastKnownFileType = sourcecode.swift; path = FibonacciTest.swift; sourceTree = "<group>"; };
		611A4362E436E9022B6D5493 /* GraphElement.h */ = {isa = PBXFileReference; fileEncoding = 4; lastKnownFileType = sourcecode.c.h; path = GraphElement.h; sourceTree = "<group>"; };
		611A43E8B9835BFDBF8C731B /* BubbleSortOptimizedTest.h */ = {isa = PBXFileReference; fileEncoding = 4; lastKnownFileType = sourcecode.c.h; path = BubbleSortOptimizedTest.h; sourceTree = "<group>"; };
		611A43F7FB1151CBBC7A9B65 /* MultiplyByTwo.m */ = {isa = PBXFileReference; fileEncoding = 4; lastKnownFileType = sourcecode.c.objc; path = MultiplyByTwo.m; sourceTree = "<group>"; };
		611A446CAE52087097F4E561 /* PriorityQueueObjC.m */ = {isa = PBXFileReference; fileEncoding = 4; lastKnownFileType = sourcecode.c.objc; path = PriorityQueueObjC.m; sourceTree = "<group>"; };
		611A44794739441EF637FB9F /* SieveOfEratosthenesTest.swift */ = {isa = PBXFileReference; fileEncoding = 4; lastKnownFileType = sourcecode.swift; path = SieveOfEratosthenesTest.swift; sourceTree = "<group>"; };
		611A455832DEC4D28F32EEC0 /* SieveOfEratosthenesTest.m */ = {isa = PBXFileReference; fileEncoding = 4; lastKnownFileType = sourcecode.c.objc; path = SieveOfEratosthenesTest.m; sourceTree = "<group>"; };
		611A456E4912FACA22DEDEFA /* BinarySearchTreeOptimizedClassicTest.swift */ = {isa = PBXFileReference; fileEncoding = 4; lastKnownFileType = sourcecode.swift; path = BinarySearchTreeOptimizedClassicTest.swift; sourceTree = "<group>"; };
		611A45F91BAAB98BB3B89084 /* DynamicDispatchTest.swift */ = {isa = PBXFileReference; fileEncoding = 4; lastKnownFileType = sourcecode.swift; path = DynamicDispatchTest.swift; sourceTree = "<group>"; };
		611A462C7EB9B9191811E334 /* PriorityQueueObjC.h */ = {isa = PBXFileReference; fileEncoding = 4; lastKnownFileType = sourcecode.c.h; path = PriorityQueueObjC.h; sourceTree = "<group>"; };
		611A46671279A93397BFA81F /* Node.h */ = {isa = PBXFileReference; fileEncoding = 4; lastKnownFileType = sourcecode.c.h; path = Node.h; sourceTree = "<group>"; };
		611A46D236631600557A3EDF /* BinarySearchTreeTest.m */ = {isa = PBXFileReference; fileEncoding = 4; lastKnownFileType = sourcecode.c.objc; path = BinarySearchTreeTest.m; sourceTree = "<group>"; };
		611A46F6D7C6103B3B071B25 /* FibonacciTest.m */ = {isa = PBXFileReference; fileEncoding = 4; lastKnownFileType = sourcecode.c.objc; path = FibonacciTest.m; sourceTree = "<group>"; };
		611A475E0C5AE75E683EDBF0 /* GraphElement.m */ = {isa = PBXFileReference; fileEncoding = 4; lastKnownFileType = sourcecode.c.objc; path = GraphElement.m; sourceTree = "<group>"; };
		611A477AB8205B621067D2B1 /* MultiplyByTwo.h */ = {isa = PBXFileReference; fileEncoding = 4; lastKnownFileType = sourcecode.c.h; path = MultiplyByTwo.h; sourceTree = "<group>"; };
		611A47CF5767045A392B35F8 /* PlaygroundTest.swift */ = {isa = PBXFileReference; fileEncoding = 4; lastKnownFileType = sourcecode.swift; path = PlaygroundTest.swift; sourceTree = "<group>"; };
		611A48898B089D2E2ABE72E9 /* DijkstraOptimizedTest.swift */ = {isa = PBXFileReference; fileEncoding = 4; lastKnownFileType = sourcecode.swift; path = DijkstraOptimizedTest.swift; sourceTree = "<group>"; };
		611A48B830E4C061A78ECBFC /* DijkstraTest.m */ = {isa = PBXFileReference; fileEncoding = 4; lastKnownFileType = sourcecode.c.objc; path = DijkstraTest.m; sourceTree = "<group>"; };
		611A4903337AF2584627DD6F /* Node.m */ = {isa = PBXFileReference; fileEncoding = 4; lastKnownFileType = sourcecode.c.objc; path = Node.m; sourceTree = "<group>"; };
		611A493EDC9D90F9CF72D9C4 /* BubbleSortTest.swift */ = {isa = PBXFileReference; fileEncoding = 4; lastKnownFileType = sourcecode.swift; path = BubbleSortTest.swift; sourceTree = "<group>"; };
		611A495626D3736348009204 /* PlaygroundTest.m */ = {isa = PBXFileReference; fileEncoding = 4; lastKnownFileType = sourcecode.c.objc; path = PlaygroundTest.m; sourceTree = "<group>"; };
		611A4A32552899F45221E3FA /* BinarySearchTreeObjC.m */ = {isa = PBXFileReference; fileEncoding = 4; lastKnownFileType = sourcecode.c.objc; path = BinarySearchTreeObjC.m; sourceTree = "<group>"; };
		611A4AAEF107C3A510BE618D /* BinarySearchTreeClassicTest.swift */ = {isa = PBXFileReference; fileEncoding = 4; lastKnownFileType = sourcecode.swift; path = BinarySearchTreeClassicTest.swift; sourceTree = "<group>"; };
		611A4B02BF0FDA1EE2B49E7E /* MessageDispatchTest.m */ = {isa = PBXFileReference; fileEncoding = 4; lastKnownFileType = sourcecode.c.objc; path = MessageDispatchTest.m; sourceTree = "<group>"; };
		611A4B76FE6C2630A077D123 /* PlaygroundTest.h */ = {isa = PBXFileReference; fileEncoding = 4; lastKnownFileType = sourcecode.c.h; path = PlaygroundTest.h; sourceTree = "<group>"; };
		611A4B770FC771CA895206E5 /* TestRunner.swift */ = {isa = PBXFileReference; fileEncoding = 4; lastKnownFileType = sourcecode.swift; path = TestRunner.swift; sourceTree = "<group>"; };
		611A4BD9ED80B89DC2EF44E3 /* DijkstraTest.swift */ = {isa = PBXFileReference; fileEncoding = 4; lastKnownFileType = sourcecode.swift; path = DijkstraTest.swift; sourceTree = "<group>"; };
		611A4BFA39E71B33973B3803 /* DijkstraTestOptimized.h */ = {isa = PBXFileReference; fileEncoding = 4; lastKnownFileType = sourcecode.c.h; path = DijkstraTestOptimized.h; sourceTree = "<group>"; };
		611A4C0022E963FC384DEF3E /* FibonacciTest.h */ = {isa = PBXFileReference; fileEncoding = 4; lastKnownFileType = sourcecode.c.h; path = FibonacciTest.h; sourceTree = "<group>"; };
		611A4C4AE7E19A254884A19B /* BinarySearchTreeObjC.h */ = {isa = PBXFileReference; fileEncoding = 4; lastKnownFileType = sourcecode.c.h; path = BinarySearchTreeObjC.h; sourceTree = "<group>"; };
		611A4CAE3F83A19DFFFD25A7 /* RGBHistogram.swift */ = {isa = PBXFileReference; fileEncoding = 4; lastKnownFileType = sourcecode.swift; path = RGBHistogram.swift; sourceTree = "<group>"; };
		611A4CD70B2758E90AD2FF23 /* TestSuiteRunner.swift */ = {isa = PBXFileReference; fileEncoding = 4; lastKnownFileType = sourcecode.swift; path = TestSuiteRunner.swift; sourceTree = "<group>"; };
		611A4CFC6BD840EB35F32CEA /* DijkstraTest.h */ = {isa = PBXFileReference; fileEncoding = 4; lastKnownFileType = sourcecode.c.h; path = DijkstraTest.h; sourceTree = "<group>"; };
		611A4D5295C6AD880C03F673 /* BubbleSortTest.m */ = {isa = PBXFileReference; fileEncoding = 4; lastKnownFileType = sourcecode.c.objc; path = BubbleSortTest.m; sourceTree = "<group>"; };
		611A4DBC5F94E56BA9AD8605 /* NSArray+generate.h */ = {isa = PBXFileReference; fileEncoding = 4; lastKnownFileType = sourcecode.c.h; path = "NSArray+generate.h"; sourceTree = "<group>"; };
		611A4DFA80FA0974F0E5FA1D /* TerminalExporter.swift */ = {isa = PBXFileReference; fileEncoding = 4; lastKnownFileType = sourcecode.swift; path = TerminalExporter.swift; sourceTree = "<group>"; };
		611A4EEF2DEF4DF40EF73812 /* TestInstanceRunner.swift */ = {isa = PBXFileReference; fileEncoding = 4; lastKnownFileType = sourcecode.swift; path = TestInstanceRunner.swift; sourceTree = "<group>"; };
		611A4F7BB5376F53D38DBCF7 /* AckermannTest.swift */ = {isa = PBXFileReference; fileEncoding = 4; lastKnownFileType = sourcecode.swift; path = AckermannTest.swift; sourceTree = "<group>"; };
		611A4F95191ADFAE3FAE9C92 /* GnuplotExporter.swift */ = {isa = PBXFileReference; fileEncoding = 4; lastKnownFileType = sourcecode.swift; path = GnuplotExporter.swift; sourceTree = "<group>"; };
		611A4FC2A0E3AD362CA00D0D /* NSArray+generate.m */ = {isa = PBXFileReference; fileEncoding = 4; lastKnownFileType = sourcecode.c.objc; path = "NSArray+generate.m"; sourceTree = "<group>"; };
		F96F3D6E1F4AA685005D1E97 /* ArrayInsertionTest.swift */ = {isa = PBXFileReference; fileEncoding = 4; lastKnownFileType = sourcecode.swift; path = ArrayInsertionTest.swift; sourceTree = "<group>"; };
		F96F3D701F4AA793005D1E97 /* Benchmarks-Bridging-Header.h */ = {isa = PBXFileReference; lastKnownFileType = sourcecode.c.h; path = "Benchmarks-Bridging-Header.h"; sourceTree = "<group>"; };
		F96F3D711F4AA793005D1E97 /* ArrayInsertionTest.h */ = {isa = PBXFileReference; fileEncoding = 4; lastKnownFileType = sourcecode.c.h; path = ArrayInsertionTest.h; sourceTree = "<group>"; };
		F96F3D721F4AA793005D1E97 /* ArrayInsertionTest.m */ = {isa = PBXFileReference; fileEncoding = 4; lastKnownFileType = sourcecode.c.objc; path = ArrayInsertionTest.m; sourceTree = "<group>"; };
		F9801CFB1F46C37E001D97AC /* Benchmarks */ = {isa = PBXFileReference; explicitFileType = "compiled.mach-o.executable"; includeInIndex = 0; path = Benchmarks; sourceTree = BUILT_PRODUCTS_DIR; };
		F9801CFE1F46C37E001D97AC /* main.swift */ = {isa = PBXFileReference; lastKnownFileType = sourcecode.swift; path = main.swift; sourceTree = "<group>"; };
		F9C331131F67B70B0007F16B /* ArgumentsParser.swift */ = {isa = PBXFileReference; fileEncoding = 4; lastKnownFileType = sourcecode.swift; path = ArgumentsParser.swift; sourceTree = "<group>"; };
/* End PBXFileReference section */

/* Begin PBXFrameworksBuildPhase section */
		F9801CF81F46C37E001D97AC /* Frameworks */ = {
			isa = PBXFrameworksBuildPhase;
			buildActionMask = 2147483647;
			files = (
			);
			runOnlyForDeploymentPostprocessing = 0;
		};
/* End PBXFrameworksBuildPhase section */

/* Begin PBXGroup section */
		611A40BD96EB10C611198D93 /* Exporters */ = {
			isa = PBXGroup;
			children = (
				611A4DFA80FA0974F0E5FA1D /* TerminalExporter.swift */,
				611A4F95191ADFAE3FAE9C92 /* GnuplotExporter.swift */,
				611A4099E61B853D6403AFE9 /* ResultExporter.swift */,
			);
			path = Exporters;
			sourceTree = "<group>";
		};
		611A42AAE94CE7A2ADCB1514 /* Helpers */ = {
			isa = PBXGroup;
			children = (
				611A46671279A93397BFA81F /* Node.h */,
				611A4A32552899F45221E3FA /* BinarySearchTreeObjC.m */,
				611A4C4AE7E19A254884A19B /* BinarySearchTreeObjC.h */,
				611A4903337AF2584627DD6F /* Node.m */,
				611A4FC2A0E3AD362CA00D0D /* NSArray+generate.m */,
				611A4DBC5F94E56BA9AD8605 /* NSArray+generate.h */,
				611A43F7FB1151CBBC7A9B65 /* MultiplyByTwo.m */,
				611A477AB8205B621067D2B1 /* MultiplyByTwo.h */,
				611A4227CC1B4806DAF35A82 /* MultiplyByTwoProtocol.h */,
				611A446CAE52087097F4E561 /* PriorityQueueObjC.m */,
				611A462C7EB9B9191811E334 /* PriorityQueueObjC.h */,
				611A475E0C5AE75E683EDBF0 /* GraphElement.m */,
				611A4362E436E9022B6D5493 /* GraphElement.h */,
			);
			path = Helpers;
			sourceTree = "<group>";
		};
		611A466BEC3D4895A3BB6846 /* Helpers */ = {
			isa = PBXGroup;
			children = (
				611A40E0EA8068DE8A672902 /* Array+generate.swift */,
				611A40C6D4B0CED4A579B992 /* MultiplyByTwoStruct.swift */,
				611A405D4787B2CBC1889919 /* PriorityQueue.swift */,
			);
			path = Helpers;
			sourceTree = "<group>";
		};
		611A4F3E46130C307592867E /* Runners */ = {
			isa = PBXGroup;
			children = (
				611A4EEF2DEF4DF40EF73812 /* TestInstanceRunner.swift */,
				611A4B770FC771CA895206E5 /* TestRunner.swift */,
				611A4CD70B2758E90AD2FF23 /* TestSuiteRunner.swift */,
			);
			path = Runners;
			sourceTree = "<group>";
		};
		F96F3D6C1F4AA63B005D1E97 /* Objective-C Tests */ = {
			isa = PBXGroup;
			children = (
				F96F3D711F4AA793005D1E97 /* ArrayInsertionTest.h */,
				F96F3D721F4AA793005D1E97 /* ArrayInsertionTest.m */,
				F96F3D701F4AA793005D1E97 /* Benchmarks-Bridging-Header.h */,
				611A46F6D7C6103B3B071B25 /* FibonacciTest.m */,
				611A4C0022E963FC384DEF3E /* FibonacciTest.h */,
				611A495626D3736348009204 /* PlaygroundTest.m */,
				611A4B76FE6C2630A077D123 /* PlaygroundTest.h */,
				611A4D5295C6AD880C03F673 /* BubbleSortTest.m */,
				611A40B8DA2D9A25E435A450 /* BubbleSortTest.h */,
				611A419DF9A21305AD8BC283 /* BubbleSortOptimizedTest.m */,
				611A43E8B9835BFDBF8C731B /* BubbleSortOptimizedTest.h */,
				611A42AAE94CE7A2ADCB1514 /* Helpers */,
				611A46D236631600557A3EDF /* BinarySearchTreeTest.m */,
				611A40BD17C026CDCC491F19 /* BinarySearchTreeTest.h */,
				611A4B02BF0FDA1EE2B49E7E /* MessageDispatchTest.m */,
				611A422F8732D6844A3DEC62 /* MessageDispatchTest.h */,
				611A414E8D18542242A508A7 /* DijkstraTestOptimized.m */,
				611A4BFA39E71B33973B3803 /* DijkstraTestOptimized.h */,
				611A48B830E4C061A78ECBFC /* DijkstraTest.m */,
				611A4CFC6BD840EB35F32CEA /* DijkstraTest.h */,
				611A455832DEC4D28F32EEC0 /* SieveOfEratosthenesTest.m */,
				611A435BCFEB7B10DC7CAEF7 /* SieveOfEratosthenesTest.h */,
				611A424942CE032C5E07D852 /* RGBHistogramTest.m */,
				611A40905271BEAD85476EAC /* RGBHistogramTest.h */,
			);
			path = "Objective-C Tests";
			sourceTree = "<group>";
		};
		F96F3D6D1F4AA63B005D1E97 /* Swift Tests */ = {
			isa = PBXGroup;
			children = (
				F96F3D6E1F4AA685005D1E97 /* ArrayInsertionTest.swift */,
				611A4F7BB5376F53D38DBCF7 /* AckermannTest.swift */,
				611A43606C4E5DC13D721350 /* FibonacciTest.swift */,
				611A47CF5767045A392B35F8 /* PlaygroundTest.swift */,
				611A493EDC9D90F9CF72D9C4 /* BubbleSortTest.swift */,
				611A41E4F6B4B46C67B10235 /* BinarySearchTreeEnumsTest.swift */,
				611A466BEC3D4895A3BB6846 /* Helpers */,
				611A4AAEF107C3A510BE618D /* BinarySearchTreeClassicTest.swift */,
				611A456E4912FACA22DEDEFA /* BinarySearchTreeOptimizedClassicTest.swift */,
				611A42484AD0F43B41227613 /* StaticDispatchTest.swift */,
				611A45F91BAAB98BB3B89084 /* DynamicDispatchTest.swift */,
				611A4BD9ED80B89DC2EF44E3 /* DijkstraTest.swift */,
				611A48898B089D2E2ABE72E9 /* DijkstraOptimizedTest.swift */,
				611A44794739441EF637FB9F /* SieveOfEratosthenesTest.swift */,
				611A4CAE3F83A19DFFFD25A7 /* RGBHistogram.swift */,
			);
			path = "Swift Tests";
			sourceTree = "<group>";
		};
		F9801CF21F46C37E001D97AC = {
			isa = PBXGroup;
			children = (
				F9801CFD1F46C37E001D97AC /* Benchmarks */,
				F9801CFC1F46C37E001D97AC /* Products */,
			);
			sourceTree = "<group>";
		};
		F9801CFC1F46C37E001D97AC /* Products */ = {
			isa = PBXGroup;
			children = (
				F9801CFB1F46C37E001D97AC /* Benchmarks */,
			);
			name = Products;
			sourceTree = "<group>";
		};
		F9801CFD1F46C37E001D97AC /* Benchmarks */ = {
			isa = PBXGroup;
			children = (
				F9801CFE1F46C37E001D97AC /* main.swift */,
				F9801D051F46C53D001D97AC /* Framework */,
				F96F3D6C1F4AA63B005D1E97 /* Objective-C Tests */,
				F96F3D6D1F4AA63B005D1E97 /* Swift Tests */,
			);
			path = Benchmarks;
			sourceTree = "<group>";
		};
		F9801D051F46C53D001D97AC /* Framework */ = {
			isa = PBXGroup;
			children = (
				F9C331131F67B70B0007F16B /* ArgumentsParser.swift */,
				611A433AF5F06E74BD43FA99 /* TestFactory.swift */,
				611A4F3E46130C307592867E /* Runners */,
				611A40BD96EB10C611198D93 /* Exporters */,
			);
			path = Framework;
			sourceTree = "<group>";
		};
/* End PBXGroup section */

/* Begin PBXNativeTarget section */
		F9801CFA1F46C37E001D97AC /* Benchmarks */ = {
			isa = PBXNativeTarget;
			buildConfigurationList = F9801D021F46C37E001D97AC /* Build configuration list for PBXNativeTarget "Benchmarks" */;
			buildPhases = (
				F9801CF71F46C37E001D97AC /* Sources */,
				F9801CF81F46C37E001D97AC /* Frameworks */,
				F9801CF91F46C37E001D97AC /* CopyFiles */,
			);
			buildRules = (
			);
			dependencies = (
			);
			name = Benchmarks;
			productName = Benchmarks;
			productReference = F9801CFB1F46C37E001D97AC /* Benchmarks */;
			productType = "com.apple.product-type.tool";
		};
/* End PBXNativeTarget section */

/* Begin PBXProject section */
		F9801CF31F46C37E001D97AC /* Project object */ = {
			isa = PBXProject;
			attributes = {
				LastSwiftUpdateCheck = 0830;
				LastUpgradeCheck = 0830;
				ORGANIZATIONNAME = "Karol Wieczorek";
				TargetAttributes = {
					F9801CFA1F46C37E001D97AC = {
						CreatedOnToolsVersion = 8.3.3;
						LastSwiftMigration = 0830;
						ProvisioningStyle = Automatic;
					};
				};
			};
			buildConfigurationList = F9801CF61F46C37E001D97AC /* Build configuration list for PBXProject "Benchmarks" */;
			compatibilityVersion = "Xcode 3.2";
			developmentRegion = English;
			hasScannedForEncodings = 0;
			knownRegions = (
				en,
			);
			mainGroup = F9801CF21F46C37E001D97AC;
			productRefGroup = F9801CFC1F46C37E001D97AC /* Products */;
			projectDirPath = "";
			projectRoot = "";
			targets = (
				F9801CFA1F46C37E001D97AC /* Benchmarks */,
			);
		};
/* End PBXProject section */

/* Begin PBXSourcesBuildPhase section */
		F9801CF71F46C37E001D97AC /* Sources */ = {
			isa = PBXSourcesBuildPhase;
			buildActionMask = 2147483647;
			files = (
				F96F3D6F1F4AA685005D1E97 /* ArrayInsertionTest.swift in Sources */,
				F9C331141F67B70B0007F16B /* ArgumentsParser.swift in Sources */,
				F96F3D731F4AA793005D1E97 /* ArrayInsertionTest.m in Sources */,
				F9801CFF1F46C37E001D97AC /* main.swift in Sources */,
				611A48EACCDA508349CD8F94 /* TestFactory.swift in Sources */,
				611A4BE3AE36B57CC270FF74 /* AckermannTest.swift in Sources */,
				611A4B3A7CF697B8144775EB /* FibonacciTest.swift in Sources */,
				611A4FE9EDF7F54DD7DC02C0 /* FibonacciTest.m in Sources */,
				611A450406FD277DBDA92654 /* PlaygroundTest.m in Sources */,
				611A44CC870D33DAC855ABBC /* PlaygroundTest.swift in Sources */,
				611A45BAB8E70001CCBC96B8 /* BubbleSortTest.m in Sources */,
				611A4EAF4D6848DF2D37136C /* BubbleSortOptimizedTest.m in Sources */,
				611A4664D8D84C8B8646C9A3 /* BubbleSortTest.swift in Sources */,
				611A4156E180ABD6F126F2B7 /* BinarySearchTreeObjC.m in Sources */,
				611A46A7999E720B2A1250F3 /* Node.m in Sources */,
				611A454657AD4B572D2C7838 /* BinarySearchTreeEnumsTest.swift in Sources */,
				611A4FB1C0E4602B2DA0B3EE /* Array+generate.swift in Sources */,
				611A462BC358C4EBDBA5CE26 /* BinarySearchTreeClassicTest.swift in Sources */,
				611A436EB5FE6AAF60457EF6 /* BinarySearchTreeTest.m in Sources */,
				611A498847783C3CF4127C60 /* NSArray+generate.m in Sources */,
				611A43C1F8044E2A9FC38838 /* TestInstanceRunner.swift in Sources */,
				611A472AF9E33689EA2E0C2D /* TestRunner.swift in Sources */,
				611A4F65480E2BA05885F1A9 /* TestSuiteRunner.swift in Sources */,
				611A4A18C3753A17C4C93F32 /* TerminalExporter.swift in Sources */,
				611A484064F327E8FBF34CEF /* GnuplotExporter.swift in Sources */,
				611A47A104CCBEF250D8BEA4 /* ResultExporter.swift in Sources */,
				611A4C2266EFFE2B67613B0A /* BinarySearchTreeOptimizedClassicTest.swift in Sources */,
				611A48E2B6C03143D26F9211 /* MessageDispatchTest.m in Sources */,
				611A4A87BCD27220C06A3C4A /* MultiplyByTwo.m in Sources */,
				611A434B1CA479CD348BA86A /* MultiplyByTwoStruct.swift in Sources */,
				611A42003B62338DB9D93272 /* StaticDispatchTest.swift in Sources */,
				611A42233518B08E8B2CDAC2 /* DynamicDispatchTest.swift in Sources */,
				611A42352F74ED9F054870AC /* PriorityQueue.swift in Sources */,
				611A4E2410E4D72A4BC557E4 /* DijkstraTest.swift in Sources */,
				611A42DD61DF5129DAA67C25 /* PriorityQueueObjC.m in Sources */,
				611A4CF4C2ED06161FBB11C9 /* DijkstraTestOptimized.m in Sources */,
				611A41F88EA30CA59CA16FF2 /* GraphElement.m in Sources */,
				611A4000427CD8E34287E302 /* DijkstraTest.m in Sources */,
				611A42EA8B83939776398A5B /* DijkstraOptimizedTest.swift in Sources */,
				611A4F7898A204AB70503986 /* SieveOfEratosthenesTest.m in Sources */,
				611A40ABA922FE411B747113 /* SieveOfEratosthenesTest.swift in Sources */,
				611A445052684CEE0FD202CD /* RGBHistogramTest.m in Sources */,
				611A41D909FCE0458FF1E9DA /* RGBHistogram.swift in Sources */,
			);
			runOnlyForDeploymentPostprocessing = 0;
		};
/* End PBXSourcesBuildPhase section */

/* Begin XCBuildConfiguration section */
		F9801D001F46C37E001D97AC /* Debug */ = {
			isa = XCBuildConfiguration;
			buildSettings = {
				ALWAYS_SEARCH_USER_PATHS = NO;
				CLANG_ANALYZER_NONNULL = YES;
				CLANG_ANALYZER_NUMBER_OBJECT_CONVERSION = YES_AGGRESSIVE;
				CLANG_CXX_LANGUAGE_STANDARD = "gnu++0x";
				CLANG_CXX_LIBRARY = "libc++";
				CLANG_ENABLE_MODULES = YES;
				CLANG_ENABLE_OBJC_ARC = YES;
				CLANG_WARN_BOOL_CONVERSION = YES;
				CLANG_WARN_CONSTANT_CONVERSION = YES;
				CLANG_WARN_DIRECT_OBJC_ISA_USAGE = YES_ERROR;
				CLANG_WARN_DOCUMENTATION_COMMENTS = YES;
				CLANG_WARN_EMPTY_BODY = YES;
				CLANG_WARN_ENUM_CONVERSION = YES;
				CLANG_WARN_INFINITE_RECURSION = YES;
				CLANG_WARN_INT_CONVERSION = YES;
				CLANG_WARN_OBJC_ROOT_CLASS = YES_ERROR;
				CLANG_WARN_SUSPICIOUS_MOVE = YES;
				CLANG_WARN_UNREACHABLE_CODE = YES;
				CLANG_WARN__DUPLICATE_METHOD_MATCH = YES;
				CODE_SIGN_IDENTITY = "-";
				COPY_PHASE_STRIP = NO;
				DEBUG_INFORMATION_FORMAT = dwarf;
				ENABLE_STRICT_OBJC_MSGSEND = YES;
				ENABLE_TESTABILITY = YES;
				GCC_C_LANGUAGE_STANDARD = gnu99;
				GCC_DYNAMIC_NO_PIC = NO;
				GCC_NO_COMMON_BLOCKS = YES;
				GCC_OPTIMIZATION_LEVEL = 0;
				GCC_PREPROCESSOR_DEFINITIONS = (
					"DEBUG=1",
					"$(inherited)",
				);
				GCC_WARN_64_TO_32_BIT_CONVERSION = YES;
				GCC_WARN_ABOUT_RETURN_TYPE = YES_ERROR;
				GCC_WARN_UNDECLARED_SELECTOR = YES;
				GCC_WARN_UNINITIALIZED_AUTOS = YES_AGGRESSIVE;
				GCC_WARN_UNUSED_FUNCTION = YES;
				GCC_WARN_UNUSED_VARIABLE = YES;
				MACOSX_DEPLOYMENT_TARGET = 10.12;
				MTL_ENABLE_DEBUG_INFO = YES;
				ONLY_ACTIVE_ARCH = YES;
				SDKROOT = macosx;
				SWIFT_OPTIMIZATION_LEVEL = "-Onone";
			};
			name = Debug;
		};
		F9801D011F46C37E001D97AC /* Release */ = {
			isa = XCBuildConfiguration;
			buildSettings = {
				ALWAYS_SEARCH_USER_PATHS = NO;
				CLANG_ANALYZER_NONNULL = YES;
				CLANG_ANALYZER_NUMBER_OBJECT_CONVERSION = YES_AGGRESSIVE;
				CLANG_CXX_LANGUAGE_STANDARD = "gnu++0x";
				CLANG_CXX_LIBRARY = "libc++";
				CLANG_ENABLE_MODULES = YES;
				CLANG_ENABLE_OBJC_ARC = YES;
				CLANG_WARN_BOOL_CONVERSION = YES;
				CLANG_WARN_CONSTANT_CONVERSION = YES;
				CLANG_WARN_DIRECT_OBJC_ISA_USAGE = YES_ERROR;
				CLANG_WARN_DOCUMENTATION_COMMENTS = YES;
				CLANG_WARN_EMPTY_BODY = YES;
				CLANG_WARN_ENUM_CONVERSION = YES;
				CLANG_WARN_INFINITE_RECURSION = YES;
				CLANG_WARN_INT_CONVERSION = YES;
				CLANG_WARN_OBJC_ROOT_CLASS = YES_ERROR;
				CLANG_WARN_SUSPICIOUS_MOVE = YES;
				CLANG_WARN_UNREACHABLE_CODE = YES;
				CLANG_WARN__DUPLICATE_METHOD_MATCH = YES;
				CODE_SIGN_IDENTITY = "-";
				COPY_PHASE_STRIP = NO;
				DEBUG_INFORMATION_FORMAT = "dwarf-with-dsym";
				ENABLE_NS_ASSERTIONS = NO;
				ENABLE_STRICT_OBJC_MSGSEND = YES;
				GCC_C_LANGUAGE_STANDARD = gnu99;
				GCC_NO_COMMON_BLOCKS = YES;
				GCC_WARN_64_TO_32_BIT_CONVERSION = YES;
				GCC_WARN_ABOUT_RETURN_TYPE = YES_ERROR;
				GCC_WARN_UNDECLARED_SELECTOR = YES;
				GCC_WARN_UNINITIALIZED_AUTOS = YES_AGGRESSIVE;
				GCC_WARN_UNUSED_FUNCTION = YES;
				GCC_WARN_UNUSED_VARIABLE = YES;
				MACOSX_DEPLOYMENT_TARGET = 10.12;
				MTL_ENABLE_DEBUG_INFO = NO;
				SDKROOT = macosx;
			};
			name = Release;
		};
		F9801D031F46C37E001D97AC /* Debug */ = {
			isa = XCBuildConfiguration;
			buildSettings = {
				CLANG_ENABLE_MODULES = YES;
				LD_RUNPATH_SEARCH_PATHS = "$(inherited) @executable_path/../Frameworks @loader_path/../Frameworks";
				PRODUCT_NAME = "$(TARGET_NAME)";
				SWIFT_OBJC_BRIDGING_HEADER = "Benchmarks/Objective-C Tests/Benchmarks-Bridging-Header.h";
				SWIFT_OPTIMIZATION_LEVEL = "-Onone";
				SWIFT_VERSION = 3.0;
			};
			name = Debug;
		};
		F9801D041F46C37E001D97AC /* Release */ = {
			isa = XCBuildConfiguration;
			buildSettings = {
				CLANG_ENABLE_MODULES = YES;
				LD_RUNPATH_SEARCH_PATHS = "$(inherited) @executable_path/../Frameworks @loader_path/../Frameworks";
				PRODUCT_NAME = "$(TARGET_NAME)";
				SWIFT_OBJC_BRIDGING_HEADER = "Benchmarks/Objective-C Tests/Benchmarks-Bridging-Header.h";
				SWIFT_VERSION = 3.0;
			};
			name = Release;
		};
/* End XCBuildConfiguration section */

/* Begin XCConfigurationList section */
		F9801CF61F46C37E001D97AC /* Build configuration list for PBXProject "Benchmarks" */ = {
			isa = XCConfigurationList;
			buildConfigurations = (
				F9801D001F46C37E001D97AC /* Debug */,
				F9801D011F46C37E001D97AC /* Release */,
			);
			defaultConfigurationIsVisible = 0;
			defaultConfigurationName = Release;
		};
		F9801D021F46C37E001D97AC /* Build configuration list for PBXNativeTarget "Benchmarks" */ = {
			isa = XCConfigurationList;
			buildConfigurations = (
				F9801D031F46C37E001D97AC /* Debug */,
				F9801D041F46C37E001D97AC /* Release */,
			);
			defaultConfigurationIsVisible = 0;
			defaultConfigurationName = Release;
		};
/* End XCConfigurationList section */
	};
	rootObject = F9801CF31F46C37E001D97AC /* Project object */;
}
