// !$*UTF8*$!
{
	archiveVersion = 1;
	classes = {
	};
	objectVersion = 46;
	objects = {

/* Begin PBXBuildFile section */
		611A44CC870D33DAC855ABBC /* PlaygroundTest.swift in Sources */ = {isa = PBXBuildFile; fileRef = 611A47CF5767045A392B35F8 /* PlaygroundTest.swift */; };
		611A450406FD277DBDA92654 /* PlaygroundTest.m in Sources */ = {isa = PBXBuildFile; fileRef = 611A495626D3736348009204 /* PlaygroundTest.m */; };
		611A45BAB8E70001CCBC96B8 /* BubbleSortTest.m in Sources */ = {isa = PBXBuildFile; fileRef = 611A4D5295C6AD880C03F673 /* BubbleSortTest.m */; };
		611A4691A7AD87A68AB5DF22 /* BubbleSortTest.swift in Sources */ = {isa = PBXBuildFile; fileRef = 611A42C13FE27A23F7310C73 /* BubbleSortTest.swift */; };
		611A48EACCDA508349CD8F94 /* TestFactory.swift in Sources */ = {isa = PBXBuildFile; fileRef = 611A433AF5F06E74BD43FA99 /* TestFactory.swift */; };
		611A4B3A7CF697B8144775EB /* FibonacciTest.swift in Sources */ = {isa = PBXBuildFile; fileRef = 611A43606C4E5DC13D721350 /* FibonacciTest.swift */; };
		611A4BE3AE36B57CC270FF74 /* AckermannTestSwift.swift in Sources */ = {isa = PBXBuildFile; fileRef = 611A4F7BB5376F53D38DBCF7 /* AckermannTestSwift.swift */; };
		611A4EAF4D6848DF2D37136C /* BubbleSortOptimizedTest.m in Sources */ = {isa = PBXBuildFile; fileRef = 611A419DF9A21305AD8BC283 /* BubbleSortOptimizedTest.m */; };
		611A4ED44F63E6A699E73C7A /* TestSuiteRunner.swift in Sources */ = {isa = PBXBuildFile; fileRef = 611A486F33813EAAD6F82144 /* TestSuiteRunner.swift */; };
		611A4FE9EDF7F54DD7DC02C0 /* FibonacciTestObjC.m in Sources */ = {isa = PBXBuildFile; fileRef = 611A46F6D7C6103B3B071B25 /* FibonacciTestObjC.m */; };
		F96F3D6F1F4AA685005D1E97 /* ArrayInsertionTest.swift in Sources */ = {isa = PBXBuildFile; fileRef = F96F3D6E1F4AA685005D1E97 /* ArrayInsertionTest.swift */; };
		F96F3D731F4AA793005D1E97 /* ArrayInsertionTest.m in Sources */ = {isa = PBXBuildFile; fileRef = F96F3D721F4AA793005D1E97 /* ArrayInsertionTest.m */; };
		F9801CFF1F46C37E001D97AC /* main.swift in Sources */ = {isa = PBXBuildFile; fileRef = F9801CFE1F46C37E001D97AC /* main.swift */; };
		F9801D071F46C55A001D97AC /* TestInstanceRunner.swift in Sources */ = {isa = PBXBuildFile; fileRef = F9801D061F46C55A001D97AC /* TestInstanceRunner.swift */; };
		F9956B4C1F69093100BB21B3 /* TestRunner.swift in Sources */ = {isa = PBXBuildFile; fileRef = F9956B4B1F69093100BB21B3 /* TestRunner.swift */; };
		F9C331141F67B70B0007F16B /* ArgumentsParser.swift in Sources */ = {isa = PBXBuildFile; fileRef = F9C331131F67B70B0007F16B /* ArgumentsParser.swift */; };
/* End PBXBuildFile section */

/* Begin PBXCopyFilesBuildPhase section */
		F9801CF91F46C37E001D97AC /* CopyFiles */ = {
			isa = PBXCopyFilesBuildPhase;
			buildActionMask = 2147483647;
			dstPath = /usr/share/man/man1/;
			dstSubfolderSpec = 0;
			files = (
			);
			runOnlyForDeploymentPostprocessing = 1;
		};
/* End PBXCopyFilesBuildPhase section */

/* Begin PBXFileReference section */
		611A40B8DA2D9A25E435A450 /* BubbleSortTest.h */ = {isa = PBXFileReference; fileEncoding = 4; lastKnownFileType = sourcecode.c.h; path = BubbleSortTest.h; sourceTree = "<group>"; };
		611A419DF9A21305AD8BC283 /* BubbleSortOptimizedTest.m */ = {isa = PBXFileReference; fileEncoding = 4; lastKnownFileType = sourcecode.c.objc; path = BubbleSortOptimizedTest.m; sourceTree = "<group>"; };
		611A42C13FE27A23F7310C73 /* BubbleSortTest.swift */ = {isa = PBXFileReference; fileEncoding = 4; lastKnownFileType = sourcecode.swift; path = BubbleSortTest.swift; sourceTree = "<group>"; };
		611A433AF5F06E74BD43FA99 /* TestFactory.swift */ = {isa = PBXFileReference; fileEncoding = 4; lastKnownFileType = sourcecode.swift; path = TestFactory.swift; sourceTree = "<group>"; };
		611A43606C4E5DC13D721350 /* FibonacciTest.swift */ = {isa = PBXFileReference; fileEncoding = 4; lastKnownFileType = sourcecode.swift; path = FibonacciTest.swift; sourceTree = "<group>"; };
		611A43E8B9835BFDBF8C731B /* BubbleSortOptimizedTest.h */ = {isa = PBXFileReference; fileEncoding = 4; lastKnownFileType = sourcecode.c.h; path = BubbleSortOptimizedTest.h; sourceTree = "<group>"; };
		611A46F6D7C6103B3B071B25 /* FibonacciTestObjC.m */ = {isa = PBXFileReference; fileEncoding = 4; lastKnownFileType = sourcecode.c.objc; path = FibonacciTestObjC.m; sourceTree = "<group>"; };
		611A47CF5767045A392B35F8 /* PlaygroundTest.swift */ = {isa = PBXFileReference; fileEncoding = 4; lastKnownFileType = sourcecode.swift; path = PlaygroundTest.swift; sourceTree = "<group>"; };
		611A486F33813EAAD6F82144 /* TestSuiteRunner.swift */ = {isa = PBXFileReference; fileEncoding = 4; lastKnownFileType = sourcecode.swift; path = TestSuiteRunner.swift; sourceTree = "<group>"; };
		611A495626D3736348009204 /* PlaygroundTest.m */ = {isa = PBXFileReference; fileEncoding = 4; lastKnownFileType = sourcecode.c.objc; path = PlaygroundTest.m; sourceTree = "<group>"; };
		611A4B76FE6C2630A077D123 /* PlaygroundTest.h */ = {isa = PBXFileReference; fileEncoding = 4; lastKnownFileType = sourcecode.c.h; path = PlaygroundTest.h; sourceTree = "<group>"; };
		611A4C0022E963FC384DEF3E /* FibonacciTestObjC.h */ = {isa = PBXFileReference; fileEncoding = 4; lastKnownFileType = sourcecode.c.h; path = FibonacciTestObjC.h; sourceTree = "<group>"; };
		611A4D5295C6AD880C03F673 /* BubbleSortTest.m */ = {isa = PBXFileReference; fileEncoding = 4; lastKnownFileType = sourcecode.c.objc; path = BubbleSortTest.m; sourceTree = "<group>"; };
		611A4F7BB5376F53D38DBCF7 /* AckermannTestSwift.swift */ = {isa = PBXFileReference; fileEncoding = 4; lastKnownFileType = sourcecode.swift; path = AckermannTestSwift.swift; sourceTree = "<group>"; };
		F96F3D6E1F4AA685005D1E97 /* ArrayInsertionTest.swift */ = {isa = PBXFileReference; fileEncoding = 4; lastKnownFileType = sourcecode.swift; path = ArrayInsertionTest.swift; sourceTree = "<group>"; };
		F96F3D701F4AA793005D1E97 /* Benchmarks-Bridging-Header.h */ = {isa = PBXFileReference; lastKnownFileType = sourcecode.c.h; path = "Benchmarks-Bridging-Header.h"; sourceTree = "<group>"; };
		F96F3D711F4AA793005D1E97 /* ArrayInsertionTest.h */ = {isa = PBXFileReference; fileEncoding = 4; lastKnownFileType = sourcecode.c.h; path = ArrayInsertionTest.h; sourceTree = "<group>"; };
		F96F3D721F4AA793005D1E97 /* ArrayInsertionTest.m */ = {isa = PBXFileReference; fileEncoding = 4; lastKnownFileType = sourcecode.c.objc; path = ArrayInsertionTest.m; sourceTree = "<group>"; };
		F9801CFB1F46C37E001D97AC /* Benchmarks */ = {isa = PBXFileReference; explicitFileType = "compiled.mach-o.executable"; includeInIndex = 0; path = Benchmarks; sourceTree = BUILT_PRODUCTS_DIR; };
		F9801CFE1F46C37E001D97AC /* main.swift */ = {isa = PBXFileReference; lastKnownFileType = sourcecode.swift; path = main.swift; sourceTree = "<group>"; };
		F9801D061F46C55A001D97AC /* TestInstanceRunner.swift */ = {isa = PBXFileReference; fileEncoding = 4; lastKnownFileType = sourcecode.swift; path = TestInstanceRunner.swift; sourceTree = "<group>"; };
		F9956B4B1F69093100BB21B3 /* TestRunner.swift */ = {isa = PBXFileReference; fileEncoding = 4; lastKnownFileType = sourcecode.swift; path = TestRunner.swift; sourceTree = "<group>"; };
		F9C331131F67B70B0007F16B /* ArgumentsParser.swift */ = {isa = PBXFileReference; fileEncoding = 4; lastKnownFileType = sourcecode.swift; path = ArgumentsParser.swift; sourceTree = "<group>"; };
/* End PBXFileReference section */

/* Begin PBXFrameworksBuildPhase section */
		F9801CF81F46C37E001D97AC /* Frameworks */ = {
			isa = PBXFrameworksBuildPhase;
			buildActionMask = 2147483647;
			files = (
			);
			runOnlyForDeploymentPostprocessing = 0;
		};
/* End PBXFrameworksBuildPhase section */

/* Begin PBXGroup section */
		F96F3D6C1F4AA63B005D1E97 /* Objective-C Tests */ = {
			isa = PBXGroup;
			children = (
				F96F3D711F4AA793005D1E97 /* ArrayInsertionTest.h */,
				F96F3D721F4AA793005D1E97 /* ArrayInsertionTest.m */,
				F96F3D701F4AA793005D1E97 /* Benchmarks-Bridging-Header.h */,
				611A46F6D7C6103B3B071B25 /* FibonacciTestObjC.m */,
				611A4C0022E963FC384DEF3E /* FibonacciTestObjC.h */,
				611A495626D3736348009204 /* PlaygroundTest.m */,
				611A4B76FE6C2630A077D123 /* PlaygroundTest.h */,
				611A4D5295C6AD880C03F673 /* BubbleSortTest.m */,
				611A40B8DA2D9A25E435A450 /* BubbleSortTest.h */,
				611A419DF9A21305AD8BC283 /* BubbleSortOptimizedTest.m */,
				611A43E8B9835BFDBF8C731B /* BubbleSortOptimizedTest.h */,
			);
			path = "Objective-C Tests";
			sourceTree = "<group>";
		};
		F96F3D6D1F4AA63B005D1E97 /* Swift Tests */ = {
			isa = PBXGroup;
			children = (
				F96F3D6E1F4AA685005D1E97 /* ArrayInsertionTest.swift */,
				611A4F7BB5376F53D38DBCF7 /* AckermannTestSwift.swift */,
				611A43606C4E5DC13D721350 /* FibonacciTest.swift */,
				611A47CF5767045A392B35F8 /* PlaygroundTest.swift */,
			);
			path = "Swift Tests";
			sourceTree = "<group>";
		};
		F9801CF21F46C37E001D97AC = {
			isa = PBXGroup;
			children = (
				F9801CFD1F46C37E001D97AC /* Benchmarks */,
				F9801CFC1F46C37E001D97AC /* Products */,
			);
			sourceTree = "<group>";
		};
		F9801CFC1F46C37E001D97AC /* Products */ = {
			isa = PBXGroup;
			children = (
				F9801CFB1F46C37E001D97AC /* Benchmarks */,
			);
			name = Products;
			sourceTree = "<group>";
		};
		F9801CFD1F46C37E001D97AC /* Benchmarks */ = {
			isa = PBXGroup;
			children = (
				F9801CFE1F46C37E001D97AC /* main.swift */,
				F9801D051F46C53D001D97AC /* Framework */,
				F96F3D6C1F4AA63B005D1E97 /* Objective-C Tests */,
				F96F3D6D1F4AA63B005D1E97 /* Swift Tests */,
			);
			path = Benchmarks;
			sourceTree = "<group>";
		};
		F9801D051F46C53D001D97AC /* Framework */ = {
			isa = PBXGroup;
			children = (
				F9801D061F46C55A001D97AC /* TestInstanceRunner.swift */,
				F9C331131F67B70B0007F16B /* ArgumentsParser.swift */,
				F9956B4B1F69093100BB21B3 /* TestRunner.swift */,
				611A433AF5F06E74BD43FA99 /* TestFactory.swift */,
				611A486F33813EAAD6F82144 /* TestSuiteRunner.swift */,
				611A42C13FE27A23F7310C73 /* BubbleSortTest.swift */,
			);
			path = Framework;
			sourceTree = "<group>";
		};
/* End PBXGroup section */

/* Begin PBXNativeTarget section */
		F9801CFA1F46C37E001D97AC /* Benchmarks */ = {
			isa = PBXNativeTarget;
			buildConfigurationList = F9801D021F46C37E001D97AC /* Build configuration list for PBXNativeTarget "Benchmarks" */;
			buildPhases = (
				F9801CF71F46C37E001D97AC /* Sources */,
				F9801CF81F46C37E001D97AC /* Frameworks */,
				F9801CF91F46C37E001D97AC /* CopyFiles */,
			);
			buildRules = (
			);
			dependencies = (
			);
			name = Benchmarks;
			productName = Benchmarks;
			productReference = F9801CFB1F46C37E001D97AC /* Benchmarks */;
			productType = "com.apple.product-type.tool";
		};
/* End PBXNativeTarget section */

/* Begin PBXProject section */
		F9801CF31F46C37E001D97AC /* Project object */ = {
			isa = PBXProject;
			attributes = {
				LastSwiftUpdateCheck = 0830;
				LastUpgradeCheck = 0830;
				ORGANIZATIONNAME = "Karol Wieczorek";
				TargetAttributes = {
					F9801CFA1F46C37E001D97AC = {
						CreatedOnToolsVersion = 8.3.3;
						LastSwiftMigration = 0830;
						ProvisioningStyle = Automatic;
					};
				};
			};
			buildConfigurationList = F9801CF61F46C37E001D97AC /* Build configuration list for PBXProject "Benchmarks" */;
			compatibilityVersion = "Xcode 3.2";
			developmentRegion = English;
			hasScannedForEncodings = 0;
			knownRegions = (
				en,
			);
			mainGroup = F9801CF21F46C37E001D97AC;
			productRefGroup = F9801CFC1F46C37E001D97AC /* Products */;
			projectDirPath = "";
			projectRoot = "";
			targets = (
				F9801CFA1F46C37E001D97AC /* Benchmarks */,
			);
		};
/* End PBXProject section */

/* Begin PBXSourcesBuildPhase section */
		F9801CF71F46C37E001D97AC /* Sources */ = {
			isa = PBXSourcesBuildPhase;
			buildActionMask = 2147483647;
			files = (
				F96F3D6F1F4AA685005D1E97 /* ArrayInsertionTest.swift in Sources */,
				F9C331141F67B70B0007F16B /* ArgumentsParser.swift in Sources */,
				F9956B4C1F69093100BB21B3 /* TestRunner.swift in Sources */,
				F96F3D731F4AA793005D1E97 /* ArrayInsertionTest.m in Sources */,
				F9801CFF1F46C37E001D97AC /* main.swift in Sources */,
				F9801D071F46C55A001D97AC /* TestInstanceRunner.swift in Sources */,
				611A48EACCDA508349CD8F94 /* TestFactory.swift in Sources */,
				611A4ED44F63E6A699E73C7A /* TestSuiteRunner.swift in Sources */,
				611A4BE3AE36B57CC270FF74 /* AckermannTestSwift.swift in Sources */,
				611A4B3A7CF697B8144775EB /* FibonacciTest.swift in Sources */,
				611A4FE9EDF7F54DD7DC02C0 /* FibonacciTestObjC.m in Sources */,
				611A450406FD277DBDA92654 /* PlaygroundTest.m in Sources */,
				611A44CC870D33DAC855ABBC /* PlaygroundTest.swift in Sources */,
				611A4691A7AD87A68AB5DF22 /* BubbleSortTest.swift in Sources */,
				611A45BAB8E70001CCBC96B8 /* BubbleSortTest.m in Sources */,
				611A4EAF4D6848DF2D37136C /* BubbleSortOptimizedTest.m in Sources */,
			);
			runOnlyForDeploymentPostprocessing = 0;
		};
/* End PBXSourcesBuildPhase section */

/* Begin XCBuildConfiguration section */
		F9801D001F46C37E001D97AC /* Debug */ = {
			isa = XCBuildConfiguration;
			buildSettings = {
				ALWAYS_SEARCH_USER_PATHS = NO;
				CLANG_ANALYZER_NONNULL = YES;
				CLANG_ANALYZER_NUMBER_OBJECT_CONVERSION = YES_AGGRESSIVE;
				CLANG_CXX_LANGUAGE_STANDARD = "gnu++0x";
				CLANG_CXX_LIBRARY = "libc++";
				CLANG_ENABLE_MODULES = YES;
				CLANG_ENABLE_OBJC_ARC = YES;
				CLANG_WARN_BOOL_CONVERSION = YES;
				CLANG_WARN_CONSTANT_CONVERSION = YES;
				CLANG_WARN_DIRECT_OBJC_ISA_USAGE = YES_ERROR;
				CLANG_WARN_DOCUMENTATION_COMMENTS = YES;
				CLANG_WARN_EMPTY_BODY = YES;
				CLANG_WARN_ENUM_CONVERSION = YES;
				CLANG_WARN_INFINITE_RECURSION = YES;
				CLANG_WARN_INT_CONVERSION = YES;
				CLANG_WARN_OBJC_ROOT_CLASS = YES_ERROR;
				CLANG_WARN_SUSPICIOUS_MOVE = YES;
				CLANG_WARN_UNREACHABLE_CODE = YES;
				CLANG_WARN__DUPLICATE_METHOD_MATCH = YES;
				CODE_SIGN_IDENTITY = "-";
				COPY_PHASE_STRIP = NO;
				DEBUG_INFORMATION_FORMAT = dwarf;
				ENABLE_STRICT_OBJC_MSGSEND = YES;
				ENABLE_TESTABILITY = YES;
				GCC_C_LANGUAGE_STANDARD = gnu99;
				GCC_DYNAMIC_NO_PIC = NO;
				GCC_NO_COMMON_BLOCKS = YES;
				GCC_OPTIMIZATION_LEVEL = 0;
				GCC_PREPROCESSOR_DEFINITIONS = (
					"DEBUG=1",
					"$(inherited)",
				);
				GCC_WARN_64_TO_32_BIT_CONVERSION = YES;
				GCC_WARN_ABOUT_RETURN_TYPE = YES_ERROR;
				GCC_WARN_UNDECLARED_SELECTOR = YES;
				GCC_WARN_UNINITIALIZED_AUTOS = YES_AGGRESSIVE;
				GCC_WARN_UNUSED_FUNCTION = YES;
				GCC_WARN_UNUSED_VARIABLE = YES;
				MACOSX_DEPLOYMENT_TARGET = 10.12;
				MTL_ENABLE_DEBUG_INFO = YES;
				ONLY_ACTIVE_ARCH = YES;
				SDKROOT = macosx;
				SWIFT_OPTIMIZATION_LEVEL = "-Onone";
			};
			name = Debug;
		};
		F9801D011F46C37E001D97AC /* Release */ = {
			isa = XCBuildConfiguration;
			buildSettings = {
				ALWAYS_SEARCH_USER_PATHS = NO;
				CLANG_ANALYZER_NONNULL = YES;
				CLANG_ANALYZER_NUMBER_OBJECT_CONVERSION = YES_AGGRESSIVE;
				CLANG_CXX_LANGUAGE_STANDARD = "gnu++0x";
				CLANG_CXX_LIBRARY = "libc++";
				CLANG_ENABLE_MODULES = YES;
				CLANG_ENABLE_OBJC_ARC = YES;
				CLANG_WARN_BOOL_CONVERSION = YES;
				CLANG_WARN_CONSTANT_CONVERSION = YES;
				CLANG_WARN_DIRECT_OBJC_ISA_USAGE = YES_ERROR;
				CLANG_WARN_DOCUMENTATION_COMMENTS = YES;
				CLANG_WARN_EMPTY_BODY = YES;
				CLANG_WARN_ENUM_CONVERSION = YES;
				CLANG_WARN_INFINITE_RECURSION = YES;
				CLANG_WARN_INT_CONVERSION = YES;
				CLANG_WARN_OBJC_ROOT_CLASS = YES_ERROR;
				CLANG_WARN_SUSPICIOUS_MOVE = YES;
				CLANG_WARN_UNREACHABLE_CODE = YES;
				CLANG_WARN__DUPLICATE_METHOD_MATCH = YES;
				CODE_SIGN_IDENTITY = "-";
				COPY_PHASE_STRIP = NO;
				DEBUG_INFORMATION_FORMAT = "dwarf-with-dsym";
				ENABLE_NS_ASSERTIONS = NO;
				ENABLE_STRICT_OBJC_MSGSEND = YES;
				GCC_C_LANGUAGE_STANDARD = gnu99;
				GCC_NO_COMMON_BLOCKS = YES;
				GCC_WARN_64_TO_32_BIT_CONVERSION = YES;
				GCC_WARN_ABOUT_RETURN_TYPE = YES_ERROR;
				GCC_WARN_UNDECLARED_SELECTOR = YES;
				GCC_WARN_UNINITIALIZED_AUTOS = YES_AGGRESSIVE;
				GCC_WARN_UNUSED_FUNCTION = YES;
				GCC_WARN_UNUSED_VARIABLE = YES;
				MACOSX_DEPLOYMENT_TARGET = 10.12;
				MTL_ENABLE_DEBUG_INFO = NO;
				SDKROOT = macosx;
			};
			name = Release;
		};
		F9801D031F46C37E001D97AC /* Debug */ = {
			isa = XCBuildConfiguration;
			buildSettings = {
				CLANG_ENABLE_MODULES = YES;
				LD_RUNPATH_SEARCH_PATHS = "$(inherited) @executable_path/../Frameworks @loader_path/../Frameworks";
				PRODUCT_NAME = "$(TARGET_NAME)";
				SWIFT_OBJC_BRIDGING_HEADER = "Benchmarks/Objective-C Tests/Benchmarks-Bridging-Header.h";
				SWIFT_OPTIMIZATION_LEVEL = "-Onone";
				SWIFT_VERSION = 3.0;
			};
			name = Debug;
		};
		F9801D041F46C37E001D97AC /* Release */ = {
			isa = XCBuildConfiguration;
			buildSettings = {
				CLANG_ENABLE_MODULES = YES;
				LD_RUNPATH_SEARCH_PATHS = "$(inherited) @executable_path/../Frameworks @loader_path/../Frameworks";
				PRODUCT_NAME = "$(TARGET_NAME)";
				SWIFT_OBJC_BRIDGING_HEADER = "Benchmarks/Objective-C Tests/Benchmarks-Bridging-Header.h";
				SWIFT_VERSION = 3.0;
			};
			name = Release;
		};
/* End XCBuildConfiguration section */

/* Begin XCConfigurationList section */
		F9801CF61F46C37E001D97AC /* Build configuration list for PBXProject "Benchmarks" */ = {
			isa = XCConfigurationList;
			buildConfigurations = (
				F9801D001F46C37E001D97AC /* Debug */,
				F9801D011F46C37E001D97AC /* Release */,
			);
			defaultConfigurationIsVisible = 0;
			defaultConfigurationName = Release;
		};
		F9801D021F46C37E001D97AC /* Build configuration list for PBXNativeTarget "Benchmarks" */ = {
			isa = XCConfigurationList;
			buildConfigurations = (
				F9801D031F46C37E001D97AC /* Debug */,
				F9801D041F46C37E001D97AC /* Release */,
			);
			defaultConfigurationIsVisible = 0;
			defaultConfigurationName = Release;
		};
/* End XCConfigurationList section */
	};
	rootObject = F9801CF31F46C37E001D97AC /* Project object */;
}
